dependencies:
- name: demo4-frontend-chart
  repository: file://../frontend/
  version: "1.0"
- name: demo4-web-server-chart
  repository: file://../web-server/
  version: "1.0"
- name: demo4-db-chart
  repository: file://../db/
  version: "1.0"
digest: sha256:7c7ef06062667e093981281931d078902510dd527b3017fe2bde0a646915596d
generated: "2025-08-27T18:43:41.599831998+02:00"
